
Microsoft Visual Studio Solution File, Format Version 12.00
# Visual Studio Version 17
VisualStudioVersion = 17.4.33205.214
MinimumVisualStudioVersion = 10.0.40219.1
Project("{FAE04EC0-301F-11D3-BF4B-00C04F79EFBC}") = "Refrigerator_ex", "Refrigerator_ex\Refrigerator_ex.csproj", "{57B747A0-0A2C-48BE-8396-D45F1FD852BC}"
EndProject
Global
	GlobalSection(SolutionConfigurationPlatforms) = preSolution
		Debug|Any CPU = Debug|Any CPU
		Release|Any CPU = Release|Any CPU
	EndGlobalSection
	GlobalSection(ProjectConfigurationPlatforms) = postSolution
		{57B747A0-0A2C-48BE-8396-D45F1FD852BC}.Debug|Any CPU.ActiveCfg = Debug|Any CPU
		{57B747A0-0A2C-48BE-8396-D45F1FD852BC}.Debug|Any CPU.Build.0 = Debug|Any CPU
		{57B747A0-0A2C-48BE-8396-D45F1FD852BC}.Release|Any CPU.ActiveCfg = Release|Any CPU
		{57B747A0-0A2C-48BE-8396-D45F1FD852BC}.Release|Any CPU.Build.0 = Release|Any CPU
	EndGlobalSection
	GlobalSection(SolutionProperties) = preSolution
		HideSolutionNode = FALSE
	EndGlobalSection
	GlobalSection(ExtensibilityGlobals) = postSolution
		SolutionGuid = {26437428-599A-47E2-9CE9-4DCB9A4AB8C1}
	EndGlobalSection
EndGlobal
